
Microsoft Visual Studio Solution File, Format Version 12.00
# Visual Studio Version 17
VisualStudioVersion = 17.5.002.0
MinimumVisualStudioVersion = 10.0.40219.1
Project("{9A19103F-16F7-4668-BE54-9A1E7A4F7556}") = "RindusBackend", "RindusBackend.csproj", "{31C3D1BB-1357-42A9-A729-AF4524DC0F32}"
EndProject
Global
	GlobalSection(SolutionConfigurationPlatforms) = preSolution
		Debug|Any CPU = Debug|Any CPU
		Release|Any CPU = Release|Any CPU
	EndGlobalSection
	GlobalSection(ProjectConfigurationPlatforms) = postSolution
		{31C3D1BB-1357-42A9-A729-AF4524DC0F32}.Debug|Any CPU.ActiveCfg = Debug|Any CPU
		{31C3D1BB-1357-42A9-A729-AF4524DC0F32}.Debug|Any CPU.Build.0 = Debug|Any CPU
		{31C3D1BB-1357-42A9-A729-AF4524DC0F32}.Release|Any CPU.ActiveCfg = Release|Any CPU
		{31C3D1BB-1357-42A9-A729-AF4524DC0F32}.Release|Any CPU.Build.0 = Release|Any CPU
	EndGlobalSection
	GlobalSection(SolutionProperties) = preSolution
		HideSolutionNode = FALSE
	EndGlobalSection
	GlobalSection(ExtensibilityGlobals) = postSolution
		SolutionGuid = {C33F3DF3-5E56-4E8A-BACB-41215E16555A}
	EndGlobalSection
EndGlobal
